
Microsoft Visual Studio Solution File, Format Version 12.00
# Visual Studio Version 16
VisualStudioVersion = 16.0.30907.101
MinimumVisualStudioVersion = 10.0.40219.1
Project("{FAE04EC0-301F-11D3-BF4B-00C04F79EFBC}") = "PPDBAndreasLind", "PPDBAndreasLind\PPDBAndreasLind.csproj", "{1FB631D6-32BB-4D68-BF5C-85A3BC1660A8}"
EndProject
Global
	GlobalSection(SolutionConfigurationPlatforms) = preSolution
		Debug|Any CPU = Debug|Any CPU
		Release|Any CPU = Release|Any CPU
	EndGlobalSection
	GlobalSection(ProjectConfigurationPlatforms) = postSolution
		{1FB631D6-32BB-4D68-BF5C-85A3BC1660A8}.Debug|Any CPU.ActiveCfg = Debug|Any CPU
		{1FB631D6-32BB-4D68-BF5C-85A3BC1660A8}.Debug|Any CPU.Build.0 = Debug|Any CPU
		{1FB631D6-32BB-4D68-BF5C-85A3BC1660A8}.Release|Any CPU.ActiveCfg = Release|Any CPU
		{1FB631D6-32BB-4D68-BF5C-85A3BC1660A8}.Release|Any CPU.Build.0 = Release|Any CPU
	EndGlobalSection
	GlobalSection(SolutionProperties) = preSolution
		HideSolutionNode = FALSE
	EndGlobalSection
	GlobalSection(ExtensibilityGlobals) = postSolution
		SolutionGuid = {BD0FA498-F93D-4BFC-81CF-911E66F70716}
	EndGlobalSection
EndGlobal
